
Microsoft Visual Studio Solution File, Format Version 12.00
# Visual Studio Version 16
VisualStudioVersion = 16.0.30413.136
MinimumVisualStudioVersion = 10.0.40219.1
Project("{FAE04EC0-301F-11D3-BF4B-00C04F79EFBC}") = "TrabajaConNosotros", "TrabajaConNosotros\TrabajaConNosotros.csproj", "{A12B2B09-B18B-4901-9EC8-1BF68EB38748}"
EndProject
Global
	GlobalSection(SolutionConfigurationPlatforms) = preSolution
		Debug|Any CPU = Debug|Any CPU
		Release|Any CPU = Release|Any CPU
	EndGlobalSection
	GlobalSection(ProjectConfigurationPlatforms) = postSolution
		{A12B2B09-B18B-4901-9EC8-1BF68EB38748}.Debug|Any CPU.ActiveCfg = Debug|Any CPU
		{A12B2B09-B18B-4901-9EC8-1BF68EB38748}.Debug|Any CPU.Build.0 = Debug|Any CPU
		{A12B2B09-B18B-4901-9EC8-1BF68EB38748}.Release|Any CPU.ActiveCfg = Release|Any CPU
		{A12B2B09-B18B-4901-9EC8-1BF68EB38748}.Release|Any CPU.Build.0 = Release|Any CPU
	EndGlobalSection
	GlobalSection(SolutionProperties) = preSolution
		HideSolutionNode = FALSE
	EndGlobalSection
	GlobalSection(ExtensibilityGlobals) = postSolution
		SolutionGuid = {B8166E17-0998-4D57-B125-654ED6649D6C}
	EndGlobalSection
EndGlobal
